
Microsoft Visual Studio Solution File, Format Version 12.00
# Visual Studio Version 17
VisualStudioVersion = 17.5.33516.290
MinimumVisualStudioVersion = 10.0.40219.1
Project("{9A19103F-16F7-4668-BE54-9A1E7A4F7556}") = "CaloriApp.Core", "CaloriApp.Core\CaloriApp.Core.csproj", "{AE930746-D161-4E48-A86F-6447236130D3}"
EndProject
Project("{9A19103F-16F7-4668-BE54-9A1E7A4F7556}") = "CaloriApp.DataAccess", "CaloriApp.DataAccess\CaloriApp.DataAccess.csproj", "{5BC0EE45-C093-4945-A8F7-118C4F533B75}"
EndProject
Project("{9A19103F-16F7-4668-BE54-9A1E7A4F7556}") = "CaloriApp.Entities", "CaloriApp.Entities\CaloriApp.Entities.csproj", "{F08C2C99-523D-47B3-9FCA-98F37A797CFF}"
EndProject
Project("{9A19103F-16F7-4668-BE54-9A1E7A4F7556}") = "CaloriApp.Mapping", "CaloriApp.Mapping\CaloriApp.Mapping.csproj", "{71AF69C8-37F9-4A9D-A8D0-3045229FDBF3}"
EndProject
Project("{9A19103F-16F7-4668-BE54-9A1E7A4F7556}") = "CaloriApp.BLL", "CaloriApp.BLL\CaloriApp.BLL.csproj", "{56715463-2156-47CB-B8B6-4E1A66FC21D5}"
EndProject
Project("{FAE04EC0-301F-11D3-BF4B-00C04F79EFBC}") = "CaloriApp.UI", "CaloriApp.UI\CaloriApp.UI.csproj", "{617A1C07-ED55-4A32-BF1D-CF058482A4D2}"
EndProject
Global
	GlobalSection(SolutionConfigurationPlatforms) = preSolution
		Debug|Any CPU = Debug|Any CPU
		Release|Any CPU = Release|Any CPU
	EndGlobalSection
	GlobalSection(ProjectConfigurationPlatforms) = postSolution
		{AE930746-D161-4E48-A86F-6447236130D3}.Debug|Any CPU.ActiveCfg = Debug|Any CPU
		{AE930746-D161-4E48-A86F-6447236130D3}.Debug|Any CPU.Build.0 = Debug|Any CPU
		{AE930746-D161-4E48-A86F-6447236130D3}.Release|Any CPU.ActiveCfg = Release|Any CPU
		{AE930746-D161-4E48-A86F-6447236130D3}.Release|Any CPU.Build.0 = Release|Any CPU
		{5BC0EE45-C093-4945-A8F7-118C4F533B75}.Debug|Any CPU.ActiveCfg = Debug|Any CPU
		{5BC0EE45-C093-4945-A8F7-118C4F533B75}.Debug|Any CPU.Build.0 = Debug|Any CPU
		{5BC0EE45-C093-4945-A8F7-118C4F533B75}.Release|Any CPU.ActiveCfg = Release|Any CPU
		{5BC0EE45-C093-4945-A8F7-118C4F533B75}.Release|Any CPU.Build.0 = Release|Any CPU
		{F08C2C99-523D-47B3-9FCA-98F37A797CFF}.Debug|Any CPU.ActiveCfg = Debug|Any CPU
		{F08C2C99-523D-47B3-9FCA-98F37A797CFF}.Debug|Any CPU.Build.0 = Debug|Any CPU
		{F08C2C99-523D-47B3-9FCA-98F37A797CFF}.Release|Any CPU.ActiveCfg = Release|Any CPU
		{F08C2C99-523D-47B3-9FCA-98F37A797CFF}.Release|Any CPU.Build.0 = Release|Any CPU
		{71AF69C8-37F9-4A9D-A8D0-3045229FDBF3}.Debug|Any CPU.ActiveCfg = Debug|Any CPU
		{71AF69C8-37F9-4A9D-A8D0-3045229FDBF3}.Debug|Any CPU.Build.0 = Debug|Any CPU
		{71AF69C8-37F9-4A9D-A8D0-3045229FDBF3}.Release|Any CPU.ActiveCfg = Release|Any CPU
		{71AF69C8-37F9-4A9D-A8D0-3045229FDBF3}.Release|Any CPU.Build.0 = Release|Any CPU
		{56715463-2156-47CB-B8B6-4E1A66FC21D5}.Debug|Any CPU.ActiveCfg = Debug|Any CPU
		{56715463-2156-47CB-B8B6-4E1A66FC21D5}.Debug|Any CPU.Build.0 = Debug|Any CPU
		{56715463-2156-47CB-B8B6-4E1A66FC21D5}.Release|Any CPU.ActiveCfg = Release|Any CPU
		{56715463-2156-47CB-B8B6-4E1A66FC21D5}.Release|Any CPU.Build.0 = Release|Any CPU
		{617A1C07-ED55-4A32-BF1D-CF058482A4D2}.Debug|Any CPU.ActiveCfg = Debug|Any CPU
		{617A1C07-ED55-4A32-BF1D-CF058482A4D2}.Debug|Any CPU.Build.0 = Debug|Any CPU
		{617A1C07-ED55-4A32-BF1D-CF058482A4D2}.Release|Any CPU.ActiveCfg = Release|Any CPU
		{617A1C07-ED55-4A32-BF1D-CF058482A4D2}.Release|Any CPU.Build.0 = Release|Any CPU
	EndGlobalSection
	GlobalSection(SolutionProperties) = preSolution
		HideSolutionNode = FALSE
	EndGlobalSection
	GlobalSection(ExtensibilityGlobals) = postSolution
		SolutionGuid = {E9FB8779-16C7-4BC5-BFDF-8C203959B692}
	EndGlobalSection
EndGlobal
